
Microsoft Visual Studio Solution File, Format Version 12.00
# Visual Studio Version 17
VisualStudioVersion = 17.0.31903.59
MinimumVisualStudioVersion = 10.0.40219.1
Project("{2150E333-8FDC-42A3-9474-1A3956D46DE8}") = "src", "src", "{827E0CD3-B72D-47B6-A68D-7590B98EB39B}"
EndProject
Project("{FAE04EC0-301F-11D3-BF4B-00C04F79EFBC}") = "Nyan.Core", "src\Nyan.Core\Nyan.Core.csproj", "{A8C5B7D8-1D12-4EF7-A953-EFF63BD49817}"
EndProject
Project("{FAE04EC0-301F-11D3-BF4B-00C04F79EFBC}") = "Nyan.App", "src\Nyan.App\Nyan.App.csproj", "{255B35A5-CD2F-484F-917E-66629CEA6EE4}"
EndProject
Project("{2150E333-8FDC-42A3-9474-1A3956D46DE8}") = "tests", "tests", "{0AB3BF05-4346-4AA6-1389-037BE0695223}"
EndProject
Project("{FAE04EC0-301F-11D3-BF4B-00C04F79EFBC}") = "Nyan.Tests", "tests\Nyan.Tests\Nyan.Tests.csproj", "{4BB30EF9-969F-4652-9789-0D6680250BAE}"
EndProject
Global
	GlobalSection(SolutionConfigurationPlatforms) = preSolution
		Debug|Any CPU = Debug|Any CPU
		Debug|x64 = Debug|x64
		Debug|x86 = Debug|x86
		Release|Any CPU = Release|Any CPU
		Release|x64 = Release|x64
		Release|x86 = Release|x86
	EndGlobalSection
	GlobalSection(ProjectConfigurationPlatforms) = postSolution
		{A8C5B7D8-1D12-4EF7-A953-EFF63BD49817}.Debug|Any CPU.ActiveCfg = Debug|Any CPU
		{A8C5B7D8-1D12-4EF7-A953-EFF63BD49817}.Debug|Any CPU.Build.0 = Debug|Any CPU
		{A8C5B7D8-1D12-4EF7-A953-EFF63BD49817}.Debug|x64.ActiveCfg = Debug|Any CPU
		{A8C5B7D8-1D12-4EF7-A953-EFF63BD49817}.Debug|x64.Build.0 = Debug|Any CPU
		{A8C5B7D8-1D12-4EF7-A953-EFF63BD49817}.Debug|x86.ActiveCfg = Debug|Any CPU
		{A8C5B7D8-1D12-4EF7-A953-EFF63BD49817}.Debug|x86.Build.0 = Debug|Any CPU
		{A8C5B7D8-1D12-4EF7-A953-EFF63BD49817}.Release|Any CPU.ActiveCfg = Release|Any CPU
		{A8C5B7D8-1D12-4EF7-A953-EFF63BD49817}.Release|Any CPU.Build.0 = Release|Any CPU
		{A8C5B7D8-1D12-4EF7-A953-EFF63BD49817}.Release|x64.ActiveCfg = Release|Any CPU
		{A8C5B7D8-1D12-4EF7-A953-EFF63BD49817}.Release|x64.Build.0 = Release|Any CPU
		{A8C5B7D8-1D12-4EF7-A953-EFF63BD49817}.Release|x86.ActiveCfg = Release|Any CPU
		{A8C5B7D8-1D12-4EF7-A953-EFF63BD49817}.Release|x86.Build.0 = Release|Any CPU
		{255B35A5-CD2F-484F-917E-66629CEA6EE4}.Debug|Any CPU.ActiveCfg = Debug|Any CPU
		{255B35A5-CD2F-484F-917E-66629CEA6EE4}.Debug|Any CPU.Build.0 = Debug|Any CPU
		{255B35A5-CD2F-484F-917E-66629CEA6EE4}.Debug|x64.ActiveCfg = Debug|Any CPU
		{255B35A5-CD2F-484F-917E-66629CEA6EE4}.Debug|x64.Build.0 = Debug|Any CPU
		{255B35A5-CD2F-484F-917E-66629CEA6EE4}.Debug|x86.ActiveCfg = Debug|Any CPU
		{255B35A5-CD2F-484F-917E-66629CEA6EE4}.Debug|x86.Build.0 = Debug|Any CPU
		{255B35A5-CD2F-484F-917E-66629CEA6EE4}.Release|Any CPU.ActiveCfg = Release|Any CPU
		{255B35A5-CD2F-484F-917E-66629CEA6EE4}.Release|Any CPU.Build.0 = Release|Any CPU
		{255B35A5-CD2F-484F-917E-66629CEA6EE4}.Release|x64.ActiveCfg = Release|Any CPU
		{255B35A5-CD2F-484F-917E-66629CEA6EE4}.Release|x64.Build.0 = Release|Any CPU
		{255B35A5-CD2F-484F-917E-66629CEA6EE4}.Release|x86.ActiveCfg = Release|Any CPU
		{255B35A5-CD2F-484F-917E-66629CEA6EE4}.Release|x86.Build.0 = Release|Any CPU
		{4BB30EF9-969F-4652-9789-0D6680250BAE}.Debug|Any CPU.ActiveCfg = Debug|Any CPU
		{4BB30EF9-969F-4652-9789-0D6680250BAE}.Debug|Any CPU.Build.0 = Debug|Any CPU
		{4BB30EF9-969F-4652-9789-0D6680250BAE}.Debug|x64.ActiveCfg = Debug|Any CPU
		{4BB30EF9-969F-4652-9789-0D6680250BAE}.Debug|x64.Build.0 = Debug|Any CPU
		{4BB30EF9-969F-4652-9789-0D6680250BAE}.Debug|x86.ActiveCfg = Debug|Any CPU
		{4BB30EF9-969F-4652-9789-0D6680250BAE}.Debug|x86.Build.0 = Debug|Any CPU
		{4BB30EF9-969F-4652-9789-0D6680250BAE}.Release|Any CPU.ActiveCfg = Release|Any CPU
		{4BB30EF9-969F-4652-9789-0D6680250BAE}.Release|Any CPU.Build.0 = Release|Any CPU
		{4BB30EF9-969F-4652-9789-0D6680250BAE}.Release|x64.ActiveCfg = Release|Any CPU
		{4BB30EF9-969F-4652-9789-0D6680250BAE}.Release|x64.Build.0 = Release|Any CPU
		{4BB30EF9-969F-4652-9789-0D6680250BAE}.Release|x86.ActiveCfg = Release|Any CPU
		{4BB30EF9-969F-4652-9789-0D6680250BAE}.Release|x86.Build.0 = Release|Any CPU
	EndGlobalSection
	GlobalSection(SolutionProperties) = preSolution
		HideSolutionNode = FALSE
	EndGlobalSection
	GlobalSection(NestedProjects) = preSolution
		{A8C5B7D8-1D12-4EF7-A953-EFF63BD49817} = {827E0CD3-B72D-47B6-A68D-7590B98EB39B}
		{255B35A5-CD2F-484F-917E-66629CEA6EE4} = {827E0CD3-B72D-47B6-A68D-7590B98EB39B}
		{4BB30EF9-969F-4652-9789-0D6680250BAE} = {0AB3BF05-4346-4AA6-1389-037BE0695223}
	EndGlobalSection
EndGlobal
